// !$*UTF8*$!
{
	archiveVersion = 1;
	classes = {
	};
	objectVersion = 46;
	objects = {

/* Begin PBXBuildFile section */
		B55C2B6F1B9D566C00513B48 /* InfinarioSegment.m in Sources */ = {isa = PBXBuildFile; fileRef = B55C2B6E1B9D566C00513B48 /* InfinarioSegment.m */; };
		E8457D621AB187E7006BB298 /* Device.h in Headers */ = {isa = PBXBuildFile; fileRef = E8457D601AB187E7006BB298 /* Device.h */; };
		E8457D631AB187E7006BB298 /* Device.m in Sources */ = {isa = PBXBuildFile; fileRef = E8457D611AB187E7006BB298 /* Device.m */; };
		E8457D661AB191DB006BB298 /* Session.h in Headers */ = {isa = PBXBuildFile; fileRef = E8457D641AB191DB006BB298 /* Session.h */; };
		E8457D671AB191DB006BB298 /* Session.m in Sources */ = {isa = PBXBuildFile; fileRef = E8457D651AB191DB006BB298 /* Session.m */; };
		E8843C011A83613900AFD411 /* CommandManager.h in Headers */ = {isa = PBXBuildFile; fileRef = E8843BFF1A83613900AFD411 /* CommandManager.h */; };
		E8843C021A83613900AFD411 /* CommandManager.m in Sources */ = {isa = PBXBuildFile; fileRef = E8843C001A83613900AFD411 /* CommandManager.m */; };
		E8843C051A83654100AFD411 /* Command.h in Headers */ = {isa = PBXBuildFile; fileRef = E8843C031A83654100AFD411 /* Command.h */; };
		E8843C061A83654100AFD411 /* Command.m in Sources */ = {isa = PBXBuildFile; fileRef = E8843C041A83654100AFD411 /* Command.m */; };
		E8843C091A839CDA00AFD411 /* Customer.h in Headers */ = {isa = PBXBuildFile; fileRef = E8843C071A839CDA00AFD411 /* Customer.h */; };
		E8843C0A1A839CDA00AFD411 /* Customer.m in Sources */ = {isa = PBXBuildFile; fileRef = E8843C081A839CDA00AFD411 /* Customer.m */; };
		E8843C0D1A839E7100AFD411 /* Event.h in Headers */ = {isa = PBXBuildFile; fileRef = E8843C0B1A839E7100AFD411 /* Event.h */; };
		E8843C0E1A839E7100AFD411 /* Event.m in Sources */ = {isa = PBXBuildFile; fileRef = E8843C0C1A839E7100AFD411 /* Event.m */; };
		E8F14C941A820AF0009B034A /* InfinarioSDK.h in Headers */ = {isa = PBXBuildFile; fileRef = E8F14C931A820AF0009B034A /* InfinarioSDK.h */; settings = {ATTRIBUTES = (Public, ); }; };
		E8F14C9A1A820AF0009B034A /* InfinarioSDK.framework in Frameworks */ = {isa = PBXBuildFile; fileRef = E8F14C8E1A820AF0009B034A /* InfinarioSDK.framework */; };
		E8F14CA11A820AF0009B034A /* InfinarioSDKTests.m in Sources */ = {isa = PBXBuildFile; fileRef = E8F14CA01A820AF0009B034A /* InfinarioSDKTests.m */; };
		E8F14CAC1A820BB9009B034A /* Http.h in Headers */ = {isa = PBXBuildFile; fileRef = E8F14CAA1A820BB9009B034A /* Http.h */; };
		E8F14CAD1A820BB9009B034A /* Http.m in Sources */ = {isa = PBXBuildFile; fileRef = E8F14CAB1A820BB9009B034A /* Http.m */; };
		E8F14CC41A8210D2009B034A /* Infinario.h in Headers */ = {isa = PBXBuildFile; fileRef = E8F14CC21A8210D2009B034A /* Infinario.h */; settings = {ATTRIBUTES = (Public, ); }; };
		E8F14CC51A8210D2009B034A /* Infinario.m in Sources */ = {isa = PBXBuildFile; fileRef = E8F14CC31A8210D2009B034A /* Infinario.m */; };
		E8F14D031A821E69009B034A /* DbManager.m in Sources */ = {isa = PBXBuildFile; fileRef = E8F14D021A821E69009B034A /* DbManager.m */; };
		E8F14D051A821E81009B034A /* DbManager.h in Headers */ = {isa = PBXBuildFile; fileRef = E8F14D041A821E81009B034A /* DbManager.h */; };
		E8F14D071A821EEA009B034A /* DbQueue.m in Sources */ = {isa = PBXBuildFile; fileRef = E8F14D061A821EEA009B034A /* DbQueue.m */; };
		E8F14D091A821EF7009B034A /* DbQueue.h in Headers */ = {isa = PBXBuildFile; fileRef = E8F14D081A821EF7009B034A /* DbQueue.h */; };
		E8F14D0B1A821FDC009B034A /* libsqlite3.dylib in Frameworks */ = {isa = PBXBuildFile; fileRef = E8F14D0A1A821FDC009B034A /* libsqlite3.dylib */; };
		E8F14D0F1A826BF2009B034A /* Preferences.h in Headers */ = {isa = PBXBuildFile; fileRef = E8F14D0D1A826BF2009B034A /* Preferences.h */; };
		E8F14D101A826BF2009B034A /* Preferences.m in Sources */ = {isa = PBXBuildFile; fileRef = E8F14D0E1A826BF2009B034A /* Preferences.m */; };
/* End PBXBuildFile section */

/* Begin PBXContainerItemProxy section */
		E8F14C9B1A820AF0009B034A /* PBXContainerItemProxy */ = {
			isa = PBXContainerItemProxy;
			containerPortal = E8F14C851A820AF0009B034A /* Project object */;
			proxyType = 1;
			remoteGlobalIDString = E8F14C8D1A820AF0009B034A;
			remoteInfo = InfinarioSDK;
		};
/* End PBXContainerItemProxy section */

/* Begin PBXFileReference section */
		B55C2B6D1B9D563C00513B48 /* InfinarioSegment.h */ = {isa = PBXFileReference; lastKnownFileType = sourcecode.c.h; path = InfinarioSegment.h; sourceTree = "<group>"; };
		B55C2B6E1B9D566C00513B48 /* InfinarioSegment.m */ = {isa = PBXFileReference; fileEncoding = 4; lastKnownFileType = sourcecode.c.objc; path = InfinarioSegment.m; sourceTree = "<group>"; };
		E8457D601AB187E7006BB298 /* Device.h */ = {isa = PBXFileReference; fileEncoding = 4; lastKnownFileType = sourcecode.c.h; path = Device.h; sourceTree = "<group>"; };
		E8457D611AB187E7006BB298 /* Device.m */ = {isa = PBXFileReference; fileEncoding = 4; lastKnownFileType = sourcecode.c.objc; path = Device.m; sourceTree = "<group>"; };
		E8457D641AB191DB006BB298 /* Session.h */ = {isa = PBXFileReference; fileEncoding = 4; lastKnownFileType = sourcecode.c.h; path = Session.h; sourceTree = "<group>"; };
		E8457D651AB191DB006BB298 /* Session.m */ = {isa = PBXFileReference; fileEncoding = 4; lastKnownFileType = sourcecode.c.objc; path = Session.m; sourceTree = "<group>"; };
		E8843BFF1A83613900AFD411 /* CommandManager.h */ = {isa = PBXFileReference; fileEncoding = 4; lastKnownFileType = sourcecode.c.h; path = CommandManager.h; sourceTree = "<group>"; };
		E8843C001A83613900AFD411 /* CommandManager.m */ = {isa = PBXFileReference; fileEncoding = 4; lastKnownFileType = sourcecode.c.objc; path = CommandManager.m; sourceTree = "<group>"; };
		E8843C031A83654100AFD411 /* Command.h */ = {isa = PBXFileReference; fileEncoding = 4; lastKnownFileType = sourcecode.c.h; path = Command.h; sourceTree = "<group>"; };
		E8843C041A83654100AFD411 /* Command.m */ = {isa = PBXFileReference; fileEncoding = 4; lastKnownFileType = sourcecode.c.objc; path = Command.m; sourceTree = "<group>"; };
		E8843C071A839CDA00AFD411 /* Customer.h */ = {isa = PBXFileReference; fileEncoding = 4; lastKnownFileType = sourcecode.c.h; path = Customer.h; sourceTree = "<group>"; };
		E8843C081A839CDA00AFD411 /* Customer.m */ = {isa = PBXFileReference; fileEncoding = 4; lastKnownFileType = sourcecode.c.objc; path = Customer.m; sourceTree = "<group>"; };
		E8843C0B1A839E7100AFD411 /* Event.h */ = {isa = PBXFileReference; fileEncoding = 4; lastKnownFileType = sourcecode.c.h; path = Event.h; sourceTree = "<group>"; };
		E8843C0C1A839E7100AFD411 /* Event.m */ = {isa = PBXFileReference; fileEncoding = 4; lastKnownFileType = sourcecode.c.objc; path = Event.m; sourceTree = "<group>"; };
		E8F14C8E1A820AF0009B034A /* InfinarioSDK.framework */ = {isa = PBXFileReference; explicitFileType = wrapper.framework; includeInIndex = 0; path = InfinarioSDK.framework; sourceTree = BUILT_PRODUCTS_DIR; };
		E8F14C921A820AF0009B034A /* Info.plist */ = {isa = PBXFileReference; lastKnownFileType = text.plist.xml; path = Info.plist; sourceTree = "<group>"; };
		E8F14C931A820AF0009B034A /* InfinarioSDK.h */ = {isa = PBXFileReference; lastKnownFileType = sourcecode.c.h; path = InfinarioSDK.h; sourceTree = "<group>"; };
		E8F14C991A820AF0009B034A /* InfinarioSDKTests.xctest */ = {isa = PBXFileReference; explicitFileType = wrapper.cfbundle; includeInIndex = 0; path = InfinarioSDKTests.xctest; sourceTree = BUILT_PRODUCTS_DIR; };
		E8F14C9F1A820AF0009B034A /* Info.plist */ = {isa = PBXFileReference; lastKnownFileType = text.plist.xml; path = Info.plist; sourceTree = "<group>"; };
		E8F14CA01A820AF0009B034A /* InfinarioSDKTests.m */ = {isa = PBXFileReference; lastKnownFileType = sourcecode.c.objc; path = InfinarioSDKTests.m; sourceTree = "<group>"; };
		E8F14CAA1A820BB9009B034A /* Http.h */ = {isa = PBXFileReference; fileEncoding = 4; lastKnownFileType = sourcecode.c.h; path = Http.h; sourceTree = "<group>"; };
		E8F14CAB1A820BB9009B034A /* Http.m */ = {isa = PBXFileReference; fileEncoding = 4; lastKnownFileType = sourcecode.c.objc; path = Http.m; sourceTree = "<group>"; };
		E8F14CC21A8210D2009B034A /* Infinario.h */ = {isa = PBXFileReference; fileEncoding = 4; lastKnownFileType = sourcecode.c.h; path = Infinario.h; sourceTree = "<group>"; };
		E8F14CC31A8210D2009B034A /* Infinario.m */ = {isa = PBXFileReference; fileEncoding = 4; lastKnownFileType = sourcecode.c.objc; path = Infinario.m; sourceTree = "<group>"; };
		E8F14D021A821E69009B034A /* DbManager.m */ = {isa = PBXFileReference; fileEncoding = 4; lastKnownFileType = sourcecode.c.objc; path = DbManager.m; sourceTree = "<group>"; };
		E8F14D041A821E81009B034A /* DbManager.h */ = {isa = PBXFileReference; fileEncoding = 4; lastKnownFileType = sourcecode.c.h; path = DbManager.h; sourceTree = "<group>"; };
		E8F14D061A821EEA009B034A /* DbQueue.m */ = {isa = PBXFileReference; fileEncoding = 4; lastKnownFileType = sourcecode.c.objc; path = DbQueue.m; sourceTree = "<group>"; };
		E8F14D081A821EF7009B034A /* DbQueue.h */ = {isa = PBXFileReference; fileEncoding = 4; lastKnownFileType = sourcecode.c.h; path = DbQueue.h; sourceTree = "<group>"; };
		E8F14D0A1A821FDC009B034A /* libsqlite3.dylib */ = {isa = PBXFileReference; lastKnownFileType = "compiled.mach-o.dylib"; name = libsqlite3.dylib; path = usr/lib/libsqlite3.dylib; sourceTree = SDKROOT; };
		E8F14D0D1A826BF2009B034A /* Preferences.h */ = {isa = PBXFileReference; fileEncoding = 4; lastKnownFileType = sourcecode.c.h; path = Preferences.h; sourceTree = "<group>"; };
		E8F14D0E1A826BF2009B034A /* Preferences.m */ = {isa = PBXFileReference; fileEncoding = 4; lastKnownFileType = sourcecode.c.objc; path = Preferences.m; sourceTree = "<group>"; };
/* End PBXFileReference section */

/* Begin PBXFrameworksBuildPhase section */
		E8F14C8A1A820AF0009B034A /* Frameworks */ = {
			isa = PBXFrameworksBuildPhase;
			buildActionMask = 2147483647;
			files = (
				E8F14D0B1A821FDC009B034A /* libsqlite3.dylib in Frameworks */,
			);
			runOnlyForDeploymentPostprocessing = 0;
		};
		E8F14C961A820AF0009B034A /* Frameworks */ = {
			isa = PBXFrameworksBuildPhase;
			buildActionMask = 2147483647;
			files = (
				E8F14C9A1A820AF0009B034A /* InfinarioSDK.framework in Frameworks */,
			);
			runOnlyForDeploymentPostprocessing = 0;
		};
/* End PBXFrameworksBuildPhase section */

/* Begin PBXGroup section */
		E8F14C841A820AF0009B034A = {
			isa = PBXGroup;
			children = (
				E8F14D0A1A821FDC009B034A /* libsqlite3.dylib */,
				E8F14C901A820AF0009B034A /* InfinarioSDK */,
				E8F14C9D1A820AF0009B034A /* InfinarioSDKTests */,
				E8F14C8F1A820AF0009B034A /* Products */,
			);
			sourceTree = "<group>";
		};
		E8F14C8F1A820AF0009B034A /* Products */ = {
			isa = PBXGroup;
			children = (
				E8F14C8E1A820AF0009B034A /* InfinarioSDK.framework */,
				E8F14C991A820AF0009B034A /* InfinarioSDKTests.xctest */,
			);
			name = Products;
			sourceTree = "<group>";
		};
		E8F14C901A820AF0009B034A /* InfinarioSDK */ = {
			isa = PBXGroup;
			children = (
				E8F14D081A821EF7009B034A /* DbQueue.h */,
				E8F14D061A821EEA009B034A /* DbQueue.m */,
				E8F14D041A821E81009B034A /* DbManager.h */,
				E8F14D021A821E69009B034A /* DbManager.m */,
				E8F14D0D1A826BF2009B034A /* Preferences.h */,
				E8F14D0E1A826BF2009B034A /* Preferences.m */,
				E8F14C931A820AF0009B034A /* InfinarioSDK.h */,
				E8F14C911A820AF0009B034A /* Supporting Files */,
				E8F14CAA1A820BB9009B034A /* Http.h */,
				E8F14CAB1A820BB9009B034A /* Http.m */,
				E8F14CC21A8210D2009B034A /* Infinario.h */,
				E8F14CC31A8210D2009B034A /* Infinario.m */,
				E8843BFF1A83613900AFD411 /* CommandManager.h */,
				E8843C001A83613900AFD411 /* CommandManager.m */,
				E8843C031A83654100AFD411 /* Command.h */,
				E8843C041A83654100AFD411 /* Command.m */,
				E8843C071A839CDA00AFD411 /* Customer.h */,
				E8843C081A839CDA00AFD411 /* Customer.m */,
				E8843C0B1A839E7100AFD411 /* Event.h */,
				E8843C0C1A839E7100AFD411 /* Event.m */,
				E8457D601AB187E7006BB298 /* Device.h */,
				E8457D611AB187E7006BB298 /* Device.m */,
				E8457D641AB191DB006BB298 /* Session.h */,
				E8457D651AB191DB006BB298 /* Session.m */,
				B55C2B6D1B9D563C00513B48 /* InfinarioSegment.h */,
				B55C2B6E1B9D566C00513B48 /* InfinarioSegment.m */,
			);
			path = InfinarioSDK;
			sourceTree = "<group>";
		};
		E8F14C911A820AF0009B034A /* Supporting Files */ = {
			isa = PBXGroup;
			children = (
				E8F14C921A820AF0009B034A /* Info.plist */,
			);
			name = "Supporting Files";
			sourceTree = "<group>";
		};
		E8F14C9D1A820AF0009B034A /* InfinarioSDKTests */ = {
			isa = PBXGroup;
			children = (
				E8F14CA01A820AF0009B034A /* InfinarioSDKTests.m */,
				E8F14C9E1A820AF0009B034A /* Supporting Files */,
			);
			path = InfinarioSDKTests;
			sourceTree = "<group>";
		};
		E8F14C9E1A820AF0009B034A /* Supporting Files */ = {
			isa = PBXGroup;
			children = (
				E8F14C9F1A820AF0009B034A /* Info.plist */,
			);
			name = "Supporting Files";
			sourceTree = "<group>";
		};
/* End PBXGroup section */

/* Begin PBXHeadersBuildPhase section */
		E8F14C8B1A820AF0009B034A /* Headers */ = {
			isa = PBXHeadersBuildPhase;
			buildActionMask = 2147483647;
			files = (
				E8F14CAC1A820BB9009B034A /* Http.h in Headers */,
				E8F14CC41A8210D2009B034A /* Infinario.h in Headers */,
				E8F14D091A821EF7009B034A /* DbQueue.h in Headers */,
				E8F14D051A821E81009B034A /* DbManager.h in Headers */,
				E8843C011A83613900AFD411 /* CommandManager.h in Headers */,
				E8F14C941A820AF0009B034A /* InfinarioSDK.h in Headers */,
				E8843C091A839CDA00AFD411 /* Customer.h in Headers */,
				E8843C0D1A839E7100AFD411 /* Event.h in Headers */,
				E8843C051A83654100AFD411 /* Command.h in Headers */,
				E8457D621AB187E7006BB298 /* Device.h in Headers */,
				E8F14D0F1A826BF2009B034A /* Preferences.h in Headers */,
				E8457D661AB191DB006BB298 /* Session.h in Headers */,
			);
			runOnlyForDeploymentPostprocessing = 0;
		};
/* End PBXHeadersBuildPhase section */

/* Begin PBXNativeTarget section */
		E8F14C8D1A820AF0009B034A /* InfinarioSDK */ = {
			isa = PBXNativeTarget;
			buildConfigurationList = E8F14CA41A820AF0009B034A /* Build configuration list for PBXNativeTarget "InfinarioSDK" */;
			buildPhases = (
				E8F14C891A820AF0009B034A /* Sources */,
				E8F14C8A1A820AF0009B034A /* Frameworks */,
				E8F14C8B1A820AF0009B034A /* Headers */,
				E8F14C8C1A820AF0009B034A /* Resources */,
			);
			buildRules = (
			);
			dependencies = (
			);
			name = InfinarioSDK;
			productName = InfinarioSDK;
			productReference = E8F14C8E1A820AF0009B034A /* InfinarioSDK.framework */;
			productType = "com.apple.product-type.framework";
		};
		E8F14C981A820AF0009B034A /* InfinarioSDKTests */ = {
			isa = PBXNativeTarget;
			buildConfigurationList = E8F14CA71A820AF0009B034A /* Build configuration list for PBXNativeTarget "InfinarioSDKTests" */;
			buildPhases = (
				E8F14C951A820AF0009B034A /* Sources */,
				E8F14C961A820AF0009B034A /* Frameworks */,
				E8F14C971A820AF0009B034A /* Resources */,
			);
			buildRules = (
			);
			dependencies = (
				E8F14C9C1A820AF0009B034A /* PBXTargetDependency */,
			);
			name = InfinarioSDKTests;
			productName = InfinarioSDKTests;
			productReference = E8F14C991A820AF0009B034A /* InfinarioSDKTests.xctest */;
			productType = "com.apple.product-type.bundle.unit-test";
		};
/* End PBXNativeTarget section */

/* Begin PBXProject section */
		E8F14C851A820AF0009B034A /* Project object */ = {
			isa = PBXProject;
			attributes = {
				LastUpgradeCheck = 0610;
				ORGANIZATIONNAME = Infinario;
				TargetAttributes = {
					E8F14C8D1A820AF0009B034A = {
						CreatedOnToolsVersion = 6.1.1;
						DevelopmentTeam = E96C679J3Y;
					};
					E8F14C981A820AF0009B034A = {
						CreatedOnToolsVersion = 6.1.1;
					};
				};
			};
			buildConfigurationList = E8F14C881A820AF0009B034A /* Build configuration list for PBXProject "InfinarioSDK" */;
			compatibilityVersion = "Xcode 3.2";
			developmentRegion = English;
			hasScannedForEncodings = 0;
			knownRegions = (
				en,
			);
			mainGroup = E8F14C841A820AF0009B034A;
			productRefGroup = E8F14C8F1A820AF0009B034A /* Products */;
			projectDirPath = "";
			projectRoot = "";
			targets = (
				E8F14C8D1A820AF0009B034A /* InfinarioSDK */,
				E8F14C981A820AF0009B034A /* InfinarioSDKTests */,
			);
		};
/* End PBXProject section */

/* Begin PBXResourcesBuildPhase section */
		E8F14C8C1A820AF0009B034A /* Resources */ = {
			isa = PBXResourcesBuildPhase;
			buildActionMask = 2147483647;
			files = (
			);
			runOnlyForDeploymentPostprocessing = 0;
		};
		E8F14C971A820AF0009B034A /* Resources */ = {
			isa = PBXResourcesBuildPhase;
			buildActionMask = 2147483647;
			files = (
			);
			runOnlyForDeploymentPostprocessing = 0;
		};
/* End PBXResourcesBuildPhase section */

/* Begin PBXSourcesBuildPhase section */
		E8F14C891A820AF0009B034A /* Sources */ = {
			isa = PBXSourcesBuildPhase;
			buildActionMask = 2147483647;
			files = (
				E8F14CAD1A820BB9009B034A /* Http.m in Sources */,
				E8F14CC51A8210D2009B034A /* Infinario.m in Sources */,
				E8F14D031A821E69009B034A /* DbManager.m in Sources */,
				B55C2B6F1B9D566C00513B48 /* InfinarioSegment.m in Sources */,
				E8457D631AB187E7006BB298 /* Device.m in Sources */,
				E8457D671AB191DB006BB298 /* Session.m in Sources */,
				E8843C0E1A839E7100AFD411 /* Event.m in Sources */,
				E8843C061A83654100AFD411 /* Command.m in Sources */,
				E8F14D071A821EEA009B034A /* DbQueue.m in Sources */,
				E8F14D101A826BF2009B034A /* Preferences.m in Sources */,
				E8843C021A83613900AFD411 /* CommandManager.m in Sources */,
				E8843C0A1A839CDA00AFD411 /* Customer.m in Sources */,
			);
			runOnlyForDeploymentPostprocessing = 0;
		};
		E8F14C951A820AF0009B034A /* Sources */ = {
			isa = PBXSourcesBuildPhase;
			buildActionMask = 2147483647;
			files = (
				E8F14CA11A820AF0009B034A /* InfinarioSDKTests.m in Sources */,
			);
			runOnlyForDeploymentPostprocessing = 0;
		};
/* End PBXSourcesBuildPhase section */

/* Begin PBXTargetDependency section */
		E8F14C9C1A820AF0009B034A /* PBXTargetDependency */ = {
			isa = PBXTargetDependency;
			target = E8F14C8D1A820AF0009B034A /* InfinarioSDK */;
			targetProxy = E8F14C9B1A820AF0009B034A /* PBXContainerItemProxy */;
		};
/* End PBXTargetDependency section */

/* Begin XCBuildConfiguration section */
		E8F14CA21A820AF0009B034A /* Debug */ = {
			isa = XCBuildConfiguration;
			buildSettings = {
				ALWAYS_SEARCH_USER_PATHS = NO;
				CLANG_CXX_LANGUAGE_STANDARD = "gnu++0x";
				CLANG_CXX_LIBRARY = "libc++";
				CLANG_ENABLE_MODULES = YES;
				CLANG_ENABLE_OBJC_ARC = YES;
				CLANG_WARN_BOOL_CONVERSION = YES;
				CLANG_WARN_CONSTANT_CONVERSION = YES;
				CLANG_WARN_DIRECT_OBJC_ISA_USAGE = YES_ERROR;
				CLANG_WARN_EMPTY_BODY = YES;
				CLANG_WARN_ENUM_CONVERSION = YES;
				CLANG_WARN_INT_CONVERSION = YES;
				CLANG_WARN_OBJC_ROOT_CLASS = YES_ERROR;
				CLANG_WARN_UNREACHABLE_CODE = YES;
				CLANG_WARN__DUPLICATE_METHOD_MATCH = YES;
				"CODE_SIGN_IDENTITY[sdk=iphoneos*]" = "iPhone Developer";
				COPY_PHASE_STRIP = NO;
				CURRENT_PROJECT_VERSION = 1;
				ENABLE_STRICT_OBJC_MSGSEND = YES;
				GCC_C_LANGUAGE_STANDARD = gnu99;
				GCC_DYNAMIC_NO_PIC = NO;
				GCC_OPTIMIZATION_LEVEL = 0;
				GCC_PREPROCESSOR_DEFINITIONS = (
					"DEBUG=1",
					"$(inherited)",
				);
				GCC_SYMBOLS_PRIVATE_EXTERN = NO;
				GCC_WARN_64_TO_32_BIT_CONVERSION = YES;
				GCC_WARN_ABOUT_RETURN_TYPE = YES_ERROR;
				GCC_WARN_UNDECLARED_SELECTOR = YES;
				GCC_WARN_UNINITIALIZED_AUTOS = YES_AGGRESSIVE;
				GCC_WARN_UNUSED_FUNCTION = YES;
				GCC_WARN_UNUSED_VARIABLE = YES;
				IPHONEOS_DEPLOYMENT_TARGET = 8.1;
				MTL_ENABLE_DEBUG_INFO = YES;
				ONLY_ACTIVE_ARCH = YES;
				SDKROOT = iphoneos;
				TARGETED_DEVICE_FAMILY = "1,2";
				VERSIONING_SYSTEM = "apple-generic";
				VERSION_INFO_PREFIX = "";
			};
			name = Debug;
		};
		E8F14CA31A820AF0009B034A /* Release */ = {
			isa = XCBuildConfiguration;
			buildSettings = {
				ALWAYS_SEARCH_USER_PATHS = NO;
				CLANG_CXX_LANGUAGE_STANDARD = "gnu++0x";
				CLANG_CXX_LIBRARY = "libc++";
				CLANG_ENABLE_MODULES = YES;
				CLANG_ENABLE_OBJC_ARC = YES;
				CLANG_WARN_BOOL_CONVERSION = YES;
				CLANG_WARN_CONSTANT_CONVERSION = YES;
				CLANG_WARN_DIRECT_OBJC_ISA_USAGE = YES_ERROR;
				CLANG_WARN_EMPTY_BODY = YES;
				CLANG_WARN_ENUM_CONVERSION = YES;
				CLANG_WARN_INT_CONVERSION = YES;
				CLANG_WARN_OBJC_ROOT_CLASS = YES_ERROR;
				CLANG_WARN_UNREACHABLE_CODE = YES;
				CLANG_WARN__DUPLICATE_METHOD_MATCH = YES;
				"CODE_SIGN_IDENTITY[sdk=iphoneos*]" = "iPhone Developer";
				COPY_PHASE_STRIP = YES;
				CURRENT_PROJECT_VERSION = 1;
				ENABLE_NS_ASSERTIONS = NO;
				ENABLE_STRICT_OBJC_MSGSEND = YES;
				GCC_C_LANGUAGE_STANDARD = gnu99;
				GCC_WARN_64_TO_32_BIT_CONVERSION = YES;
				GCC_WARN_ABOUT_RETURN_TYPE = YES_ERROR;
				GCC_WARN_UNDECLARED_SELECTOR = YES;
				GCC_WARN_UNINITIALIZED_AUTOS = YES_AGGRESSIVE;
				GCC_WARN_UNUSED_FUNCTION = YES;
				GCC_WARN_UNUSED_VARIABLE = YES;
				IPHONEOS_DEPLOYMENT_TARGET = 8.1;
				MTL_ENABLE_DEBUG_INFO = NO;
				SDKROOT = iphoneos;
				TARGETED_DEVICE_FAMILY = "1,2";
				VALIDATE_PRODUCT = YES;
				VERSIONING_SYSTEM = "apple-generic";
				VERSION_INFO_PREFIX = "";
			};
			name = Release;
		};
		E8F14CA51A820AF0009B034A /* Debug */ = {
			isa = XCBuildConfiguration;
			buildSettings = {
				CODE_SIGN_IDENTITY = "iPhone Developer";
				"CODE_SIGN_IDENTITY[sdk=iphoneos*]" = "iPhone Developer";
				DEFINES_MODULE = YES;
				DYLIB_COMPATIBILITY_VERSION = 1;
				DYLIB_CURRENT_VERSION = 1;
				DYLIB_INSTALL_NAME_BASE = "@rpath";
				INFOPLIST_FILE = InfinarioSDK/Info.plist;
				INSTALL_PATH = "$(LOCAL_LIBRARY_DIR)/Frameworks";
				IPHONEOS_DEPLOYMENT_TARGET = 8.1;
				LD_RUNPATH_SEARCH_PATHS = "$(inherited) @executable_path/Frameworks @loader_path/Frameworks";
				PRODUCT_NAME = "$(TARGET_NAME)";
				PROVISIONING_PROFILE = "";
				SKIP_INSTALL = YES;
			};
			name = Debug;
		};
		E8F14CA61A820AF0009B034A /* Release */ = {
			isa = XCBuildConfiguration;
			buildSettings = {
				CODE_SIGN_IDENTITY = "iPhone Developer";
				"CODE_SIGN_IDENTITY[sdk=iphoneos*]" = "iPhone Developer";
				DEFINES_MODULE = YES;
				DYLIB_COMPATIBILITY_VERSION = 1;
				DYLIB_CURRENT_VERSION = 1;
				DYLIB_INSTALL_NAME_BASE = "@rpath";
				INFOPLIST_FILE = InfinarioSDK/Info.plist;
				INSTALL_PATH = "$(LOCAL_LIBRARY_DIR)/Frameworks";
				IPHONEOS_DEPLOYMENT_TARGET = 8.1;
				LD_RUNPATH_SEARCH_PATHS = "$(inherited) @executable_path/Frameworks @loader_path/Frameworks";
				PRODUCT_NAME = "$(TARGET_NAME)";
				PROVISIONING_PROFILE = "";
				SKIP_INSTALL = YES;
			};
			name = Release;
		};
		E8F14CA81A820AF0009B034A /* Debug */ = {
			isa = XCBuildConfiguration;
			buildSettings = {
				FRAMEWORK_SEARCH_PATHS = (
					"$(SDKROOT)/Developer/Library/Frameworks",
					"$(inherited)",
				);
				GCC_PREPROCESSOR_DEFINITIONS = (
					"DEBUG=1",
					"$(inherited)",
				);
				INFOPLIST_FILE = InfinarioSDKTests/Info.plist;
				LD_RUNPATH_SEARCH_PATHS = "$(inherited) @executable_path/Frameworks @loader_path/Frameworks";
				PRODUCT_NAME = "$(TARGET_NAME)";
			};
			name = Debug;
		};
		E8F14CA91A820AF0009B034A /* Release */ = {
			isa = XCBuildConfiguration;
			buildSettings = {
				FRAMEWORK_SEARCH_PATHS = (
					"$(SDKROOT)/Developer/Library/Frameworks",
					"$(inherited)",
				);
				INFOPLIST_FILE = InfinarioSDKTests/Info.plist;
				LD_RUNPATH_SEARCH_PATHS = "$(inherited) @executable_path/Frameworks @loader_path/Frameworks";
				PRODUCT_NAME = "$(TARGET_NAME)";
			};
			name = Release;
		};
/* End XCBuildConfiguration section */

/* Begin XCConfigurationList section */
		E8F14C881A820AF0009B034A /* Build configuration list for PBXProject "InfinarioSDK" */ = {
			isa = XCConfigurationList;
			buildConfigurations = (
				E8F14CA21A820AF0009B034A /* Debug */,
				E8F14CA31A820AF0009B034A /* Release */,
			);
			defaultConfigurationIsVisible = 0;
			defaultConfigurationName = Release;
		};
		E8F14CA41A820AF0009B034A /* Build configuration list for PBXNativeTarget "InfinarioSDK" */ = {
			isa = XCConfigurationList;
			buildConfigurations = (
				E8F14CA51A820AF0009B034A /* Debug */,
				E8F14CA61A820AF0009B034A /* Release */,
			);
			defaultConfigurationIsVisible = 0;
			defaultConfigurationName = Release;
		};
		E8F14CA71A820AF0009B034A /* Build configuration list for PBXNativeTarget "InfinarioSDKTests" */ = {
			isa = XCConfigurationList;
			buildConfigurations = (
				E8F14CA81A820AF0009B034A /* Debug */,
				E8F14CA91A820AF0009B034A /* Release */,
			);
			defaultConfigurationIsVisible = 0;
			defaultConfigurationName = Release;
		};
/* End XCConfigurationList section */
	};
	rootObject = E8F14C851A820AF0009B034A /* Project object */;
}
